// !$*UTF8*$!
{
	archiveVersion = 1;
	classes = {
	};
	objectVersion = 46;
	objects = {

/* Begin PBXBuildFile section */
		C41ED12D15A6B33E00995F53 /* UIKit.framework in Frameworks */ = {isa = PBXBuildFile; fileRef = C41ED12C15A6B33E00995F53 /* UIKit.framework */; };
		C41ED12F15A6B33E00995F53 /* Foundation.framework in Frameworks */ = {isa = PBXBuildFile; fileRef = C41ED12E15A6B33E00995F53 /* Foundation.framework */; };
		C41ED13115A6B33E00995F53 /* CoreGraphics.framework in Frameworks */ = {isa = PBXBuildFile; fileRef = C41ED13015A6B33E00995F53 /* CoreGraphics.framework */; };
		C41ED13715A6B33E00995F53 /* InfoPlist.strings in Resources */ = {isa = PBXBuildFile; fileRef = C41ED13515A6B33E00995F53 /* InfoPlist.strings */; };
		C41ED13915A6B33E00995F53 /* main.m in Sources */ = {isa = PBXBuildFile; fileRef = C41ED13815A6B33E00995F53 /* main.m */; };
		C41ED13D15A6B33E00995F53 /* AppDelegate.m in Sources */ = {isa = PBXBuildFile; fileRef = C41ED13C15A6B33E00995F53 /* AppDelegate.m */; };
		C41ED14915A6B41300995F53 /* AppIcon.png in Resources */ = {isa = PBXBuildFile; fileRef = C41ED14815A6B41300995F53 /* AppIcon.png */; };
		C41ED14B15A6B41700995F53 /* AppIcon@2x.png in Resources */ = {isa = PBXBuildFile; fileRef = C41ED14A15A6B41700995F53 /* AppIcon@2x.png */; };
		C41ED14D15A6B42200995F53 /* Default.png in Resources */ = {isa = PBXBuildFile; fileRef = C41ED14C15A6B42200995F53 /* Default.png */; };
		C41ED14F15A6B42600995F53 /* Default@2x.png in Resources */ = {isa = PBXBuildFile; fileRef = C41ED14E15A6B42600995F53 /* Default@2x.png */; };
		C4E3819D15AA0C5B00924A86 /* StartScreen.m in Sources */ = {isa = PBXBuildFile; fileRef = C4E3819B15AA0C5B00924A86 /* StartScreen.m */; };
		C4E3819E15AA0C5B00924A86 /* StartScreen.xib in Resources */ = {isa = PBXBuildFile; fileRef = C4E3819C15AA0C5B00924A86 /* StartScreen.xib */; };
		C4E381AB15AA381F00924A86 /* ImageManager.m in Sources */ = {isa = PBXBuildFile; fileRef = C4E381AA15AA381F00924A86 /* ImageManager.m */; };
/* End PBXBuildFile section */

/* Begin PBXFileReference section */
		C41ED12815A6B33E00995F53 /* traderpog.app */ = {isa = PBXFileReference; explicitFileType = wrapper.application; includeInIndex = 0; path = traderpog.app; sourceTree = BUILT_PRODUCTS_DIR; };
		C41ED12C15A6B33E00995F53 /* UIKit.framework */ = {isa = PBXFileReference; lastKnownFileType = wrapper.framework; name = UIKit.framework; path = System/Library/Frameworks/UIKit.framework; sourceTree = SDKROOT; };
		C41ED12E15A6B33E00995F53 /* Foundation.framework */ = {isa = PBXFileReference; lastKnownFileType = wrapper.framework; name = Foundation.framework; path = System/Library/Frameworks/Foundation.framework; sourceTree = SDKROOT; };
		C41ED13015A6B33E00995F53 /* CoreGraphics.framework */ = {isa = PBXFileReference; lastKnownFileType = wrapper.framework; name = CoreGraphics.framework; path = System/Library/Frameworks/CoreGraphics.framework; sourceTree = SDKROOT; };
		C41ED13415A6B33E00995F53 /* traderpog-Info.plist */ = {isa = PBXFileReference; lastKnownFileType = text.plist.xml; path = "traderpog-Info.plist"; sourceTree = "<group>"; };
		C41ED13615A6B33E00995F53 /* en */ = {isa = PBXFileReference; lastKnownFileType = text.plist.strings; name = en; path = en.lproj/InfoPlist.strings; sourceTree = "<group>"; };
		C41ED13815A6B33E00995F53 /* main.m */ = {isa = PBXFileReference; lastKnownFileType = sourcecode.c.objc; path = main.m; sourceTree = "<group>"; };
		C41ED13A15A6B33E00995F53 /* traderpog-Prefix.pch */ = {isa = PBXFileReference; lastKnownFileType = sourcecode.c.h; path = "traderpog-Prefix.pch"; sourceTree = "<group>"; };
		C41ED13B15A6B33E00995F53 /* AppDelegate.h */ = {isa = PBXFileReference; lastKnownFileType = sourcecode.c.h; path = AppDelegate.h; sourceTree = "<group>"; };
		C41ED13C15A6B33E00995F53 /* AppDelegate.m */ = {isa = PBXFileReference; lastKnownFileType = sourcecode.c.objc; path = AppDelegate.m; sourceTree = "<group>"; };
		C41ED14815A6B41300995F53 /* AppIcon.png */ = {isa = PBXFileReference; lastKnownFileType = image.png; path = AppIcon.png; sourceTree = "<group>"; };
		C41ED14A15A6B41700995F53 /* AppIcon@2x.png */ = {isa = PBXFileReference; lastKnownFileType = image.png; path = "AppIcon@2x.png"; sourceTree = "<group>"; };
		C41ED14C15A6B42200995F53 /* Default.png */ = {isa = PBXFileReference; lastKnownFileType = image.png; path = Default.png; sourceTree = "<group>"; };
		C41ED14E15A6B42600995F53 /* Default@2x.png */ = {isa = PBXFileReference; lastKnownFileType = image.png; path = "Default@2x.png"; sourceTree = "<group>"; };
		C4E3819A15AA0C5B00924A86 /* StartScreen.h */ = {isa = PBXFileReference; fileEncoding = 4; lastKnownFileType = sourcecode.c.h; name = StartScreen.h; path = Game/UI/StartScreen.h; sourceTree = "<group>"; };
		C4E3819B15AA0C5B00924A86 /* StartScreen.m */ = {isa = PBXFileReference; fileEncoding = 4; lastKnownFileType = sourcecode.c.objc; name = StartScreen.m; path = Game/UI/StartScreen.m; sourceTree = "<group>"; };
		C4E3819C15AA0C5B00924A86 /* StartScreen.xib */ = {isa = PBXFileReference; fileEncoding = 4; lastKnownFileType = file.xib; name = StartScreen.xib; path = Game/UI/StartScreen.xib; sourceTree = "<group>"; };
		C4E381A915AA381F00924A86 /* ImageManager.h */ = {isa = PBXFileReference; fileEncoding = 4; lastKnownFileType = sourcecode.c.h; path = ImageManager.h; sourceTree = "<group>"; };
		C4E381AA15AA381F00924A86 /* ImageManager.m */ = {isa = PBXFileReference; fileEncoding = 4; lastKnownFileType = sourcecode.c.objc; path = ImageManager.m; sourceTree = "<group>"; };
/* End PBXFileReference section */

/* Begin PBXFrameworksBuildPhase section */
		C41ED12515A6B33E00995F53 /* Frameworks */ = {
			isa = PBXFrameworksBuildPhase;
			buildActionMask = 2147483647;
			files = (
				C41ED12D15A6B33E00995F53 /* UIKit.framework in Frameworks */,
				C41ED12F15A6B33E00995F53 /* Foundation.framework in Frameworks */,
				C41ED13115A6B33E00995F53 /* CoreGraphics.framework in Frameworks */,
			);
			runOnlyForDeploymentPostprocessing = 0;
		};
/* End PBXFrameworksBuildPhase section */

/* Begin PBXGroup section */
		C41ED11D15A6B33E00995F53 = {
			isa = PBXGroup;
			children = (
				C41ED14E15A6B42600995F53 /* Default@2x.png */,
				C41ED14C15A6B42200995F53 /* Default.png */,
				C41ED14A15A6B41700995F53 /* AppIcon@2x.png */,
				C41ED14815A6B41300995F53 /* AppIcon.png */,
				C41ED13215A6B33E00995F53 /* traderpog */,
				C41ED12B15A6B33E00995F53 /* Frameworks */,
				C41ED12915A6B33E00995F53 /* Products */,
			);
			sourceTree = "<group>";
		};
		C41ED12915A6B33E00995F53 /* Products */ = {
			isa = PBXGroup;
			children = (
				C41ED12815A6B33E00995F53 /* traderpog.app */,
			);
			name = Products;
			sourceTree = "<group>";
		};
		C41ED12B15A6B33E00995F53 /* Frameworks */ = {
			isa = PBXGroup;
			children = (
				C41ED12C15A6B33E00995F53 /* UIKit.framework */,
				C41ED12E15A6B33E00995F53 /* Foundation.framework */,
				C41ED13015A6B33E00995F53 /* CoreGraphics.framework */,
			);
			name = Frameworks;
			sourceTree = "<group>";
		};
		C41ED13215A6B33E00995F53 /* traderpog */ = {
			isa = PBXGroup;
			children = (
				C41ED13B15A6B33E00995F53 /* AppDelegate.h */,
				C41ED13C15A6B33E00995F53 /* AppDelegate.m */,
				C4E3819815AA0BCE00924A86 /* Game */,
				C4E381A715AA381E00924A86 /* Engine */,
				C41ED13315A6B33E00995F53 /* Supporting Files */,
			);
			path = traderpog;
			sourceTree = "<group>";
		};
		C41ED13315A6B33E00995F53 /* Supporting Files */ = {
			isa = PBXGroup;
			children = (
				C41ED13415A6B33E00995F53 /* traderpog-Info.plist */,
				C41ED13515A6B33E00995F53 /* InfoPlist.strings */,
				C41ED13815A6B33E00995F53 /* main.m */,
				C41ED13A15A6B33E00995F53 /* traderpog-Prefix.pch */,
			);
			name = "Supporting Files";
			sourceTree = "<group>";
		};
		C4E3819815AA0BCE00924A86 /* Game */ = {
			isa = PBXGroup;
			children = (
				C4E3819915AA0BF400924A86 /* UI */,
			);
			name = Game;
			sourceTree = "<group>";
		};
		C4E3819915AA0BF400924A86 /* UI */ = {
			isa = PBXGroup;
			children = (
				C4E3819A15AA0C5B00924A86 /* StartScreen.h */,
				C4E3819B15AA0C5B00924A86 /* StartScreen.m */,
				C4E3819C15AA0C5B00924A86 /* StartScreen.xib */,
			);
			name = UI;
			sourceTree = "<group>";
		};
		C4E381A715AA381E00924A86 /* Engine */ = {
			isa = PBXGroup;
			children = (
				C4E381A815AA381F00924A86 /* Renderer */,
			);
			path = Engine;
			sourceTree = "<group>";
		};
		C4E381A815AA381F00924A86 /* Renderer */ = {
			isa = PBXGroup;
			children = (
				C4E381A915AA381F00924A86 /* ImageManager.h */,
				C4E381AA15AA381F00924A86 /* ImageManager.m */,
			);
			path = Renderer;
			sourceTree = "<group>";
		};
/* End PBXGroup section */

/* Begin PBXNativeTarget section */
		C41ED12715A6B33E00995F53 /* traderpog */ = {
			isa = PBXNativeTarget;
			buildConfigurationList = C41ED14015A6B33E00995F53 /* Build configuration list for PBXNativeTarget "traderpog" */;
			buildPhases = (
				C41ED12415A6B33E00995F53 /* Sources */,
				C41ED12515A6B33E00995F53 /* Frameworks */,
				C41ED12615A6B33E00995F53 /* Resources */,
			);
			buildRules = (
			);
			dependencies = (
			);
			name = traderpog;
			productName = traderpog;
			productReference = C41ED12815A6B33E00995F53 /* traderpog.app */;
			productType = "com.apple.product-type.application";
		};
/* End PBXNativeTarget section */

/* Begin PBXProject section */
		C41ED11F15A6B33E00995F53 /* Project object */ = {
			isa = PBXProject;
			attributes = {
				LastUpgradeCheck = 0430;
				ORGANIZATIONNAME = GeoloPigs;
			};
			buildConfigurationList = C41ED12215A6B33E00995F53 /* Build configuration list for PBXProject "traderpog" */;
			compatibilityVersion = "Xcode 3.2";
			developmentRegion = English;
			hasScannedForEncodings = 0;
			knownRegions = (
				en,
			);
			mainGroup = C41ED11D15A6B33E00995F53;
			productRefGroup = C41ED12915A6B33E00995F53 /* Products */;
			projectDirPath = "";
			projectRoot = "";
			targets = (
				C41ED12715A6B33E00995F53 /* traderpog */,
			);
		};
/* End PBXProject section */

/* Begin PBXResourcesBuildPhase section */
		C41ED12615A6B33E00995F53 /* Resources */ = {
			isa = PBXResourcesBuildPhase;
			buildActionMask = 2147483647;
			files = (
				C41ED13715A6B33E00995F53 /* InfoPlist.strings in Resources */,
				C41ED14915A6B41300995F53 /* AppIcon.png in Resources */,
				C41ED14B15A6B41700995F53 /* AppIcon@2x.png in Resources */,
				C41ED14D15A6B42200995F53 /* Default.png in Resources */,
				C41ED14F15A6B42600995F53 /* Default@2x.png in Resources */,
				C4E3819E15AA0C5B00924A86 /* StartScreen.xib in Resources */,
			);
			runOnlyForDeploymentPostprocessing = 0;
		};
/* End PBXResourcesBuildPhase section */

/* Begin PBXSourcesBuildPhase section */
		C41ED12415A6B33E00995F53 /* Sources */ = {
			isa = PBXSourcesBuildPhase;
			buildActionMask = 2147483647;
			files = (
				C41ED13915A6B33E00995F53 /* main.m in Sources */,
				C41ED13D15A6B33E00995F53 /* AppDelegate.m in Sources */,
				C4E3819D15AA0C5B00924A86 /* StartScreen.m in Sources */,
				C4E381AB15AA381F00924A86 /* ImageManager.m in Sources */,
			);
			runOnlyForDeploymentPostprocessing = 0;
		};
/* End PBXSourcesBuildPhase section */

/* Begin PBXVariantGroup section */
		C41ED13515A6B33E00995F53 /* InfoPlist.strings */ = {
			isa = PBXVariantGroup;
			children = (
				C41ED13615A6B33E00995F53 /* en */,
			);
			name = InfoPlist.strings;
			sourceTree = "<group>";
		};
/* End PBXVariantGroup section */

/* Begin XCBuildConfiguration section */
		C41ED13E15A6B33E00995F53 /* Debug */ = {
			isa = XCBuildConfiguration;
			buildSettings = {
				ALWAYS_SEARCH_USER_PATHS = NO;
				ARCHS = "$(ARCHS_STANDARD_32_BIT)";
				CLANG_ENABLE_OBJC_ARC = YES;
				"CODE_SIGN_IDENTITY[sdk=iphoneos*]" = "iPhone Developer";
				COPY_PHASE_STRIP = NO;
				GCC_C_LANGUAGE_STANDARD = gnu99;
				GCC_DYNAMIC_NO_PIC = NO;
				GCC_OPTIMIZATION_LEVEL = 0;
				GCC_PREPROCESSOR_DEFINITIONS = (
					"DEBUG=1",
					"$(inherited)",
				);
				GCC_SYMBOLS_PRIVATE_EXTERN = NO;
				GCC_VERSION = com.apple.compilers.llvm.clang.1_0;
				GCC_WARN_ABOUT_RETURN_TYPE = YES;
				GCC_WARN_UNINITIALIZED_AUTOS = YES;
				GCC_WARN_UNUSED_VARIABLE = YES;
				IPHONEOS_DEPLOYMENT_TARGET = 5.1;
				SDKROOT = iphoneos;
			};
			name = Debug;
		};
		C41ED13F15A6B33E00995F53 /* Release */ = {
			isa = XCBuildConfiguration;
			buildSettings = {
				ALWAYS_SEARCH_USER_PATHS = NO;
				ARCHS = "$(ARCHS_STANDARD_32_BIT)";
				CLANG_ENABLE_OBJC_ARC = YES;
				"CODE_SIGN_IDENTITY[sdk=iphoneos*]" = "iPhone Developer";
				COPY_PHASE_STRIP = YES;
				GCC_C_LANGUAGE_STANDARD = gnu99;
				GCC_VERSION = com.apple.compilers.llvm.clang.1_0;
				GCC_WARN_ABOUT_RETURN_TYPE = YES;
				GCC_WARN_UNINITIALIZED_AUTOS = YES;
				GCC_WARN_UNUSED_VARIABLE = YES;
				IPHONEOS_DEPLOYMENT_TARGET = 5.1;
				OTHER_CFLAGS = "-DNS_BLOCK_ASSERTIONS=1";
				SDKROOT = iphoneos;
				VALIDATE_PRODUCT = YES;
			};
			name = Release;
		};
		C41ED14115A6B33E00995F53 /* Debug */ = {
			isa = XCBuildConfiguration;
			buildSettings = {
				GCC_PRECOMPILE_PREFIX_HEADER = YES;
				GCC_PREFIX_HEADER = "traderpog/traderpog-Prefix.pch";
				INFOPLIST_FILE = "traderpog/traderpog-Info.plist";
				IPHONEOS_DEPLOYMENT_TARGET = 5.0;
				PRODUCT_NAME = "$(TARGET_NAME)";
				WRAPPER_EXTENSION = app;
			};
			name = Debug;
		};
		C41ED14215A6B33E00995F53 /* Release */ = {
			isa = XCBuildConfiguration;
			buildSettings = {
				GCC_PRECOMPILE_PREFIX_HEADER = YES;
				GCC_PREFIX_HEADER = "traderpog/traderpog-Prefix.pch";
				INFOPLIST_FILE = "traderpog/traderpog-Info.plist";
				IPHONEOS_DEPLOYMENT_TARGET = 5.0;
				PRODUCT_NAME = "$(TARGET_NAME)";
				WRAPPER_EXTENSION = app;
			};
			name = Release;
		};
/* End XCBuildConfiguration section */

/* Begin XCConfigurationList section */
		C41ED12215A6B33E00995F53 /* Build configuration list for PBXProject "traderpog" */ = {
			isa = XCConfigurationList;
			buildConfigurations = (
				C41ED13E15A6B33E00995F53 /* Debug */,
				C41ED13F15A6B33E00995F53 /* Release */,
			);
			defaultConfigurationIsVisible = 0;
			defaultConfigurationName = Release;
		};
		C41ED14015A6B33E00995F53 /* Build configuration list for PBXNativeTarget "traderpog" */ = {
			isa = XCConfigurationList;
			buildConfigurations = (
				C41ED14115A6B33E00995F53 /* Debug */,
				C41ED14215A6B33E00995F53 /* Release */,
			);
			defaultConfigurationIsVisible = 0;
			defaultConfigurationName = Release;
		};
/* End XCConfigurationList section */
	};
	rootObject = C41ED11F15A6B33E00995F53 /* Project object */;
}
