// !$*UTF8*$!
{
	archiveVersion = 1;
	classes = {
	};
	objectVersion = 46;
	objects = {

/* Begin PBXBuildFile section */
		C41E0C9815AC0391006662DF /* AFHTTPClient.m in Sources */ = {isa = PBXBuildFile; fileRef = C41E0C8415AC0391006662DF /* AFHTTPClient.m */; settings = {COMPILER_FLAGS = "-fno-objc-arc"; }; };
		C41E0C9915AC0391006662DF /* AFHTTPRequestOperation.m in Sources */ = {isa = PBXBuildFile; fileRef = C41E0C8615AC0391006662DF /* AFHTTPRequestOperation.m */; settings = {COMPILER_FLAGS = "-fno-objc-arc"; }; };
		C41E0C9A15AC0391006662DF /* AFImageRequestOperation.m in Sources */ = {isa = PBXBuildFile; fileRef = C41E0C8815AC0391006662DF /* AFImageRequestOperation.m */; settings = {COMPILER_FLAGS = "-fno-objc-arc"; }; };
		C41E0C9B15AC0391006662DF /* AFJSONRequestOperation.m in Sources */ = {isa = PBXBuildFile; fileRef = C41E0C8A15AC0391006662DF /* AFJSONRequestOperation.m */; settings = {COMPILER_FLAGS = "-fno-objc-arc"; }; };
		C41E0C9C15AC0391006662DF /* AFJSONUtilities.m in Sources */ = {isa = PBXBuildFile; fileRef = C41E0C8C15AC0391006662DF /* AFJSONUtilities.m */; settings = {COMPILER_FLAGS = "-fno-objc-arc"; }; };
		C41E0C9D15AC0391006662DF /* AFNetworkActivityIndicatorManager.m in Sources */ = {isa = PBXBuildFile; fileRef = C41E0C8E15AC0391006662DF /* AFNetworkActivityIndicatorManager.m */; settings = {COMPILER_FLAGS = "-fno-objc-arc"; }; };
		C41E0C9E15AC0391006662DF /* AFPropertyListRequestOperation.m in Sources */ = {isa = PBXBuildFile; fileRef = C41E0C9115AC0391006662DF /* AFPropertyListRequestOperation.m */; settings = {COMPILER_FLAGS = "-fno-objc-arc"; }; };
		C41E0C9F15AC0391006662DF /* AFURLConnectionOperation.m in Sources */ = {isa = PBXBuildFile; fileRef = C41E0C9315AC0391006662DF /* AFURLConnectionOperation.m */; settings = {COMPILER_FLAGS = "-fno-objc-arc"; }; };
		C41E0CA015AC0391006662DF /* AFXMLRequestOperation.m in Sources */ = {isa = PBXBuildFile; fileRef = C41E0C9515AC0391006662DF /* AFXMLRequestOperation.m */; settings = {COMPILER_FLAGS = "-fno-objc-arc"; }; };
		C41E0CA115AC0391006662DF /* UIImageView+AFNetworking.m in Sources */ = {isa = PBXBuildFile; fileRef = C41E0C9715AC0391006662DF /* UIImageView+AFNetworking.m */; settings = {COMPILER_FLAGS = "-fno-objc-arc"; }; };
		C41E0CA515AC0441006662DF /* MKMapView+ZoomLevel.m in Sources */ = {isa = PBXBuildFile; fileRef = C41E0CA415AC0441006662DF /* MKMapView+ZoomLevel.m */; };
		C41E0CA815AC04DE006662DF /* MapKit.framework in Frameworks */ = {isa = PBXBuildFile; fileRef = C41E0CA715AC04DE006662DF /* MapKit.framework */; };
		C41E0CAA15AC04E5006662DF /* CoreLocation.framework in Frameworks */ = {isa = PBXBuildFile; fileRef = C41E0CA915AC04E5006662DF /* CoreLocation.framework */; };
		C41E0CAD15AC0C5E006662DF /* PogProfileAPI.m in Sources */ = {isa = PBXBuildFile; fileRef = C41E0CAC15AC0C5E006662DF /* PogProfileAPI.m */; };
		C41E0CB015AC0D5A006662DF /* AFClientManager.m in Sources */ = {isa = PBXBuildFile; fileRef = C41E0CAF15AC0D5A006662DF /* AFClientManager.m */; };
		C41E0CB315AC0FB6006662DF /* Player.m in Sources */ = {isa = PBXBuildFile; fileRef = C41E0CB215AC0FB6006662DF /* Player.m */; };
		C41E0CB615AC1552006662DF /* DebugOptions.m in Sources */ = {isa = PBXBuildFile; fileRef = C41E0CB515AC1552006662DF /* DebugOptions.m */; };
		C41ED12D15A6B33E00995F53 /* UIKit.framework in Frameworks */ = {isa = PBXBuildFile; fileRef = C41ED12C15A6B33E00995F53 /* UIKit.framework */; };
		C41ED12F15A6B33E00995F53 /* Foundation.framework in Frameworks */ = {isa = PBXBuildFile; fileRef = C41ED12E15A6B33E00995F53 /* Foundation.framework */; };
		C41ED13115A6B33E00995F53 /* CoreGraphics.framework in Frameworks */ = {isa = PBXBuildFile; fileRef = C41ED13015A6B33E00995F53 /* CoreGraphics.framework */; };
		C41ED13715A6B33E00995F53 /* InfoPlist.strings in Resources */ = {isa = PBXBuildFile; fileRef = C41ED13515A6B33E00995F53 /* InfoPlist.strings */; };
		C41ED13915A6B33E00995F53 /* main.m in Sources */ = {isa = PBXBuildFile; fileRef = C41ED13815A6B33E00995F53 /* main.m */; };
		C41ED13D15A6B33E00995F53 /* AppDelegate.m in Sources */ = {isa = PBXBuildFile; fileRef = C41ED13C15A6B33E00995F53 /* AppDelegate.m */; };
		C41ED14915A6B41300995F53 /* AppIcon.png in Resources */ = {isa = PBXBuildFile; fileRef = C41ED14815A6B41300995F53 /* AppIcon.png */; };
		C41ED14B15A6B41700995F53 /* AppIcon@2x.png in Resources */ = {isa = PBXBuildFile; fileRef = C41ED14A15A6B41700995F53 /* AppIcon@2x.png */; };
		C41ED14D15A6B42200995F53 /* Default.png in Resources */ = {isa = PBXBuildFile; fileRef = C41ED14C15A6B42200995F53 /* Default.png */; };
		C41ED14F15A6B42600995F53 /* Default@2x.png in Resources */ = {isa = PBXBuildFile; fileRef = C41ED14E15A6B42600995F53 /* Default@2x.png */; };
		C42FC48B15B10116006D29A3 /* NewHomeSelectItem.m in Sources */ = {isa = PBXBuildFile; fileRef = C42FC48915B10116006D29A3 /* NewHomeSelectItem.m */; };
		C42FC48C15B10116006D29A3 /* NewHomeSelectItem.xib in Resources */ = {isa = PBXBuildFile; fileRef = C42FC48A15B10116006D29A3 /* NewHomeSelectItem.xib */; };
		C42FC49015B13293006D29A3 /* ModalNavControl.m in Sources */ = {isa = PBXBuildFile; fileRef = C42FC48E15B13293006D29A3 /* ModalNavControl.m */; };
		C42FC49115B13293006D29A3 /* ModalNavControl.xib in Resources */ = {isa = PBXBuildFile; fileRef = C42FC48F15B13293006D29A3 /* ModalNavControl.xib */; };
		C42FC49615B141A3006D29A3 /* ModalNavRoot.m in Sources */ = {isa = PBXBuildFile; fileRef = C42FC49415B141A3006D29A3 /* ModalNavRoot.m */; };
		C42FC49715B141A3006D29A3 /* ModalNavRoot.xib in Resources */ = {isa = PBXBuildFile; fileRef = C42FC49515B141A3006D29A3 /* ModalNavRoot.xib */; };
		C481145F15ACB927007FA214 /* GameViewController.m in Sources */ = {isa = PBXBuildFile; fileRef = C481145D15ACB927007FA214 /* GameViewController.m */; };
		C481146015ACB927007FA214 /* GameViewController.xib in Resources */ = {isa = PBXBuildFile; fileRef = C481145E15ACB927007FA214 /* GameViewController.xib */; };
		C481146915ACBFED007FA214 /* MapControl.m in Sources */ = {isa = PBXBuildFile; fileRef = C481146815ACBFED007FA214 /* MapControl.m */; };
		C481146C15AD024C007FA214 /* TradePost.m in Sources */ = {isa = PBXBuildFile; fileRef = C481146B15AD024C007FA214 /* TradePost.m */; };
		C481146F15AD0605007FA214 /* WorldState.m in Sources */ = {isa = PBXBuildFile; fileRef = C481146E15AD0605007FA214 /* WorldState.m */; };
		C481147615B07D96007FA214 /* TradePostMgr.m in Sources */ = {isa = PBXBuildFile; fileRef = C481147515B07D96007FA214 /* TradePostMgr.m */; };
		C4945B8015AC26D900EEC0C0 /* LoadingScreen.m in Sources */ = {isa = PBXBuildFile; fileRef = C4945B7E15AC26D900EEC0C0 /* LoadingScreen.m */; };
		C4945B8115AC26D900EEC0C0 /* LoadingScreen.xib in Resources */ = {isa = PBXBuildFile; fileRef = C4945B7F15AC26D900EEC0C0 /* LoadingScreen.xib */; };
		C4945B8415AC2D2C00EEC0C0 /* SystemConfiguration.framework in Frameworks */ = {isa = PBXBuildFile; fileRef = C4945B8315AC2D2C00EEC0C0 /* SystemConfiguration.framework */; };
		C4945B8815AC91B500EEC0C0 /* CLLocation+Pog.m in Sources */ = {isa = PBXBuildFile; fileRef = C4945B8715AC91B500EEC0C0 /* CLLocation+Pog.m */; };
		C4945B8B15AC936600EEC0C0 /* HiAccuracyLocator.m in Sources */ = {isa = PBXBuildFile; fileRef = C4945B8A15AC936600EEC0C0 /* HiAccuracyLocator.m */; };
		C4945B8E15AC974000EEC0C0 /* SetupNewPlayer.m in Sources */ = {isa = PBXBuildFile; fileRef = C4945B8D15AC974000EEC0C0 /* SetupNewPlayer.m */; };
		C4E3819D15AA0C5B00924A86 /* StartScreen.m in Sources */ = {isa = PBXBuildFile; fileRef = C4E3819B15AA0C5B00924A86 /* StartScreen.m */; };
		C4E3819E15AA0C5B00924A86 /* StartScreen.xib in Resources */ = {isa = PBXBuildFile; fileRef = C4E3819C15AA0C5B00924A86 /* StartScreen.xib */; };
		C4E381AB15AA381F00924A86 /* ImageManager.m in Sources */ = {isa = PBXBuildFile; fileRef = C4E381AA15AA381F00924A86 /* ImageManager.m */; };
		C4E381B415AA39DA00924A86 /* DebugMenu.m in Sources */ = {isa = PBXBuildFile; fileRef = C4E381B215AA39DA00924A86 /* DebugMenu.m */; };
		C4E381B515AA39DA00924A86 /* DebugMenu.xib in Resources */ = {isa = PBXBuildFile; fileRef = C4E381B315AA39DA00924A86 /* DebugMenu.xib */; };
		C4E381B915AA3B4C00924A86 /* UINavigationController+Pog.m in Sources */ = {isa = PBXBuildFile; fileRef = C4E381B815AA3B4C00924A86 /* UINavigationController+Pog.m */; };
		C4E381BB15AA3B8600924A86 /* QuartzCore.framework in Frameworks */ = {isa = PBXBuildFile; fileRef = C4E381BA15AA3B8600924A86 /* QuartzCore.framework */; };
		C4E381BF15AABB2400924A86 /* GameManager.m in Sources */ = {isa = PBXBuildFile; fileRef = C4E381BE15AABB2400924A86 /* GameManager.m */; };
		C4E381C615AABC7400924A86 /* SignupScreen.m in Sources */ = {isa = PBXBuildFile; fileRef = C4E381C415AABC7400924A86 /* SignupScreen.m */; };
		C4E381C715AABC7400924A86 /* SignupScreen.xib in Resources */ = {isa = PBXBuildFile; fileRef = C4E381C515AABC7400924A86 /* SignupScreen.xib */; };
		C4E381CE15AABECC00924A86 /* PogUIUtility.m in Sources */ = {isa = PBXBuildFile; fileRef = C4E381CD15AABECC00924A86 /* PogUIUtility.m */; };
/* End PBXBuildFile section */

/* Begin PBXFileReference section */
		C41E0C8315AC0391006662DF /* AFHTTPClient.h */ = {isa = PBXFileReference; fileEncoding = 4; lastKnownFileType = sourcecode.c.h; path = AFHTTPClient.h; sourceTree = "<group>"; };
		C41E0C8415AC0391006662DF /* AFHTTPClient.m */ = {isa = PBXFileReference; fileEncoding = 4; lastKnownFileType = sourcecode.c.objc; path = AFHTTPClient.m; sourceTree = "<group>"; };
		C41E0C8515AC0391006662DF /* AFHTTPRequestOperation.h */ = {isa = PBXFileReference; fileEncoding = 4; lastKnownFileType = sourcecode.c.h; path = AFHTTPRequestOperation.h; sourceTree = "<group>"; };
		C41E0C8615AC0391006662DF /* AFHTTPRequestOperation.m */ = {isa = PBXFileReference; fileEncoding = 4; lastKnownFileType = sourcecode.c.objc; path = AFHTTPRequestOperation.m; sourceTree = "<group>"; };
		C41E0C8715AC0391006662DF /* AFImageRequestOperation.h */ = {isa = PBXFileReference; fileEncoding = 4; lastKnownFileType = sourcecode.c.h; path = AFImageRequestOperation.h; sourceTree = "<group>"; };
		C41E0C8815AC0391006662DF /* AFImageRequestOperation.m */ = {isa = PBXFileReference; fileEncoding = 4; lastKnownFileType = sourcecode.c.objc; path = AFImageRequestOperation.m; sourceTree = "<group>"; };
		C41E0C8915AC0391006662DF /* AFJSONRequestOperation.h */ = {isa = PBXFileReference; fileEncoding = 4; lastKnownFileType = sourcecode.c.h; path = AFJSONRequestOperation.h; sourceTree = "<group>"; };
		C41E0C8A15AC0391006662DF /* AFJSONRequestOperation.m */ = {isa = PBXFileReference; fileEncoding = 4; lastKnownFileType = sourcecode.c.objc; path = AFJSONRequestOperation.m; sourceTree = "<group>"; };
		C41E0C8B15AC0391006662DF /* AFJSONUtilities.h */ = {isa = PBXFileReference; fileEncoding = 4; lastKnownFileType = sourcecode.c.h; path = AFJSONUtilities.h; sourceTree = "<group>"; };
		C41E0C8C15AC0391006662DF /* AFJSONUtilities.m */ = {isa = PBXFileReference; fileEncoding = 4; lastKnownFileType = sourcecode.c.objc; path = AFJSONUtilities.m; sourceTree = "<group>"; };
		C41E0C8D15AC0391006662DF /* AFNetworkActivityIndicatorManager.h */ = {isa = PBXFileReference; fileEncoding = 4; lastKnownFileType = sourcecode.c.h; path = AFNetworkActivityIndicatorManager.h; sourceTree = "<group>"; };
		C41E0C8E15AC0391006662DF /* AFNetworkActivityIndicatorManager.m */ = {isa = PBXFileReference; fileEncoding = 4; lastKnownFileType = sourcecode.c.objc; path = AFNetworkActivityIndicatorManager.m; sourceTree = "<group>"; };
		C41E0C8F15AC0391006662DF /* AFNetworking.h */ = {isa = PBXFileReference; fileEncoding = 4; lastKnownFileType = sourcecode.c.h; path = AFNetworking.h; sourceTree = "<group>"; };
		C41E0C9015AC0391006662DF /* AFPropertyListRequestOperation.h */ = {isa = PBXFileReference; fileEncoding = 4; lastKnownFileType = sourcecode.c.h; path = AFPropertyListRequestOperation.h; sourceTree = "<group>"; };
		C41E0C9115AC0391006662DF /* AFPropertyListRequestOperation.m */ = {isa = PBXFileReference; fileEncoding = 4; lastKnownFileType = sourcecode.c.objc; path = AFPropertyListRequestOperation.m; sourceTree = "<group>"; };
		C41E0C9215AC0391006662DF /* AFURLConnectionOperation.h */ = {isa = PBXFileReference; fileEncoding = 4; lastKnownFileType = sourcecode.c.h; path = AFURLConnectionOperation.h; sourceTree = "<group>"; };
		C41E0C9315AC0391006662DF /* AFURLConnectionOperation.m */ = {isa = PBXFileReference; fileEncoding = 4; lastKnownFileType = sourcecode.c.objc; path = AFURLConnectionOperation.m; sourceTree = "<group>"; };
		C41E0C9415AC0391006662DF /* AFXMLRequestOperation.h */ = {isa = PBXFileReference; fileEncoding = 4; lastKnownFileType = sourcecode.c.h; path = AFXMLRequestOperation.h; sourceTree = "<group>"; };
		C41E0C9515AC0391006662DF /* AFXMLRequestOperation.m */ = {isa = PBXFileReference; fileEncoding = 4; lastKnownFileType = sourcecode.c.objc; path = AFXMLRequestOperation.m; sourceTree = "<group>"; };
		C41E0C9615AC0391006662DF /* UIImageView+AFNetworking.h */ = {isa = PBXFileReference; fileEncoding = 4; lastKnownFileType = sourcecode.c.h; path = "UIImageView+AFNetworking.h"; sourceTree = "<group>"; };
		C41E0C9715AC0391006662DF /* UIImageView+AFNetworking.m */ = {isa = PBXFileReference; fileEncoding = 4; lastKnownFileType = sourcecode.c.objc; path = "UIImageView+AFNetworking.m"; sourceTree = "<group>"; };
		C41E0CA315AC0441006662DF /* MKMapView+ZoomLevel.h */ = {isa = PBXFileReference; fileEncoding = 4; lastKnownFileType = sourcecode.c.h; path = "MKMapView+ZoomLevel.h"; sourceTree = "<group>"; };
		C41E0CA415AC0441006662DF /* MKMapView+ZoomLevel.m */ = {isa = PBXFileReference; fileEncoding = 4; lastKnownFileType = sourcecode.c.objc; path = "MKMapView+ZoomLevel.m"; sourceTree = "<group>"; };
		C41E0CA715AC04DE006662DF /* MapKit.framework */ = {isa = PBXFileReference; lastKnownFileType = wrapper.framework; name = MapKit.framework; path = System/Library/Frameworks/MapKit.framework; sourceTree = SDKROOT; };
		C41E0CA915AC04E5006662DF /* CoreLocation.framework */ = {isa = PBXFileReference; lastKnownFileType = wrapper.framework; name = CoreLocation.framework; path = System/Library/Frameworks/CoreLocation.framework; sourceTree = SDKROOT; };
		C41E0CAB15AC0C5E006662DF /* PogProfileAPI.h */ = {isa = PBXFileReference; fileEncoding = 4; lastKnownFileType = sourcecode.c.h; name = PogProfileAPI.h; path = Game/ServerAPI/PogProfileAPI.h; sourceTree = "<group>"; };
		C41E0CAC15AC0C5E006662DF /* PogProfileAPI.m */ = {isa = PBXFileReference; fileEncoding = 4; lastKnownFileType = sourcecode.c.objc; name = PogProfileAPI.m; path = Game/ServerAPI/PogProfileAPI.m; sourceTree = "<group>"; };
		C41E0CAE15AC0D5A006662DF /* AFClientManager.h */ = {isa = PBXFileReference; fileEncoding = 4; lastKnownFileType = sourcecode.c.h; name = AFClientManager.h; path = Game/ServerAPI/AFClientManager.h; sourceTree = "<group>"; };
		C41E0CAF15AC0D5A006662DF /* AFClientManager.m */ = {isa = PBXFileReference; fileEncoding = 4; lastKnownFileType = sourcecode.c.objc; name = AFClientManager.m; path = Game/ServerAPI/AFClientManager.m; sourceTree = "<group>"; };
		C41E0CB115AC0FB6006662DF /* Player.h */ = {isa = PBXFileReference; fileEncoding = 4; lastKnownFileType = sourcecode.c.h; name = Player.h; path = Game/Sim/Player.h; sourceTree = "<group>"; };
		C41E0CB215AC0FB6006662DF /* Player.m */ = {isa = PBXFileReference; fileEncoding = 4; lastKnownFileType = sourcecode.c.objc; name = Player.m; path = Game/Sim/Player.m; sourceTree = "<group>"; };
		C41E0CB415AC1552006662DF /* DebugOptions.h */ = {isa = PBXFileReference; fileEncoding = 4; lastKnownFileType = sourcecode.c.h; name = DebugOptions.h; path = Game/Sim/DebugOptions.h; sourceTree = "<group>"; };
		C41E0CB515AC1552006662DF /* DebugOptions.m */ = {isa = PBXFileReference; fileEncoding = 4; lastKnownFileType = sourcecode.c.objc; name = DebugOptions.m; path = Game/Sim/DebugOptions.m; sourceTree = "<group>"; };
		C41E0CB715AC1846006662DF /* PogProfileDelegate.h */ = {isa = PBXFileReference; lastKnownFileType = sourcecode.c.h; name = PogProfileDelegate.h; path = Game/ServerAPI/PogProfileDelegate.h; sourceTree = "<group>"; };
		C41ED12815A6B33E00995F53 /* traderpog.app */ = {isa = PBXFileReference; explicitFileType = wrapper.application; includeInIndex = 0; path = traderpog.app; sourceTree = BUILT_PRODUCTS_DIR; };
		C41ED12C15A6B33E00995F53 /* UIKit.framework */ = {isa = PBXFileReference; lastKnownFileType = wrapper.framework; name = UIKit.framework; path = System/Library/Frameworks/UIKit.framework; sourceTree = SDKROOT; };
		C41ED12E15A6B33E00995F53 /* Foundation.framework */ = {isa = PBXFileReference; lastKnownFileType = wrapper.framework; name = Foundation.framework; path = System/Library/Frameworks/Foundation.framework; sourceTree = SDKROOT; };
		C41ED13015A6B33E00995F53 /* CoreGraphics.framework */ = {isa = PBXFileReference; lastKnownFileType = wrapper.framework; name = CoreGraphics.framework; path = System/Library/Frameworks/CoreGraphics.framework; sourceTree = SDKROOT; };
		C41ED13415A6B33E00995F53 /* traderpog-Info.plist */ = {isa = PBXFileReference; lastKnownFileType = text.plist.xml; path = "traderpog-Info.plist"; sourceTree = "<group>"; };
		C41ED13615A6B33E00995F53 /* en */ = {isa = PBXFileReference; lastKnownFileType = text.plist.strings; name = en; path = en.lproj/InfoPlist.strings; sourceTree = "<group>"; };
		C41ED13815A6B33E00995F53 /* main.m */ = {isa = PBXFileReference; lastKnownFileType = sourcecode.c.objc; path = main.m; sourceTree = "<group>"; };
		C41ED13A15A6B33E00995F53 /* traderpog-Prefix.pch */ = {isa = PBXFileReference; lastKnownFileType = sourcecode.c.h; path = "traderpog-Prefix.pch"; sourceTree = "<group>"; };
		C41ED13B15A6B33E00995F53 /* AppDelegate.h */ = {isa = PBXFileReference; lastKnownFileType = sourcecode.c.h; path = AppDelegate.h; sourceTree = "<group>"; };
		C41ED13C15A6B33E00995F53 /* AppDelegate.m */ = {isa = PBXFileReference; lastKnownFileType = sourcecode.c.objc; path = AppDelegate.m; sourceTree = "<group>"; };
		C41ED14815A6B41300995F53 /* AppIcon.png */ = {isa = PBXFileReference; lastKnownFileType = image.png; path = AppIcon.png; sourceTree = "<group>"; };
		C41ED14A15A6B41700995F53 /* AppIcon@2x.png */ = {isa = PBXFileReference; lastKnownFileType = image.png; path = "AppIcon@2x.png"; sourceTree = "<group>"; };
		C41ED14C15A6B42200995F53 /* Default.png */ = {isa = PBXFileReference; lastKnownFileType = image.png; path = Default.png; sourceTree = "<group>"; };
		C41ED14E15A6B42600995F53 /* Default@2x.png */ = {isa = PBXFileReference; lastKnownFileType = image.png; path = "Default@2x.png"; sourceTree = "<group>"; };
		C42FC48815B10116006D29A3 /* NewHomeSelectItem.h */ = {isa = PBXFileReference; fileEncoding = 4; lastKnownFileType = sourcecode.c.h; name = NewHomeSelectItem.h; path = Game/UI/NewHomeSelectItem.h; sourceTree = "<group>"; };
		C42FC48915B10116006D29A3 /* NewHomeSelectItem.m */ = {isa = PBXFileReference; fileEncoding = 4; lastKnownFileType = sourcecode.c.objc; name = NewHomeSelectItem.m; path = Game/UI/NewHomeSelectItem.m; sourceTree = "<group>"; };
		C42FC48A15B10116006D29A3 /* NewHomeSelectItem.xib */ = {isa = PBXFileReference; fileEncoding = 4; lastKnownFileType = file.xib; name = NewHomeSelectItem.xib; path = Game/UI/NewHomeSelectItem.xib; sourceTree = "<group>"; };
		C42FC48D15B13293006D29A3 /* ModalNavControl.h */ = {isa = PBXFileReference; fileEncoding = 4; lastKnownFileType = sourcecode.c.h; path = ModalNavControl.h; sourceTree = "<group>"; };
		C42FC48E15B13293006D29A3 /* ModalNavControl.m */ = {isa = PBXFileReference; fileEncoding = 4; lastKnownFileType = sourcecode.c.objc; path = ModalNavControl.m; sourceTree = "<group>"; };
		C42FC48F15B13293006D29A3 /* ModalNavControl.xib */ = {isa = PBXFileReference; fileEncoding = 4; lastKnownFileType = file.xib; path = ModalNavControl.xib; sourceTree = "<group>"; };
		C42FC49215B13318006D29A3 /* ModalNavDelegate.h */ = {isa = PBXFileReference; lastKnownFileType = sourcecode.c.h; path = ModalNavDelegate.h; sourceTree = "<group>"; };
		C42FC49315B141A3006D29A3 /* ModalNavRoot.h */ = {isa = PBXFileReference; fileEncoding = 4; lastKnownFileType = sourcecode.c.h; path = ModalNavRoot.h; sourceTree = "<group>"; };
		C42FC49415B141A3006D29A3 /* ModalNavRoot.m */ = {isa = PBXFileReference; fileEncoding = 4; lastKnownFileType = sourcecode.c.objc; path = ModalNavRoot.m; sourceTree = "<group>"; };
		C42FC49515B141A3006D29A3 /* ModalNavRoot.xib */ = {isa = PBXFileReference; fileEncoding = 4; lastKnownFileType = file.xib; path = ModalNavRoot.xib; sourceTree = "<group>"; };
		C481145C15ACB927007FA214 /* GameViewController.h */ = {isa = PBXFileReference; fileEncoding = 4; lastKnownFileType = sourcecode.c.h; name = GameViewController.h; path = Game/UI/GameViewController.h; sourceTree = "<group>"; };
		C481145D15ACB927007FA214 /* GameViewController.m */ = {isa = PBXFileReference; fileEncoding = 4; lastKnownFileType = sourcecode.c.objc; name = GameViewController.m; path = Game/UI/GameViewController.m; sourceTree = "<group>"; };
		C481145E15ACB927007FA214 /* GameViewController.xib */ = {isa = PBXFileReference; fileEncoding = 4; lastKnownFileType = file.xib; name = GameViewController.xib; path = Game/UI/GameViewController.xib; sourceTree = "<group>"; };
		C481146715ACBFED007FA214 /* MapControl.h */ = {isa = PBXFileReference; fileEncoding = 4; lastKnownFileType = sourcecode.c.h; name = MapControl.h; path = Game/UI/MapControl.h; sourceTree = "<group>"; };
		C481146815ACBFED007FA214 /* MapControl.m */ = {isa = PBXFileReference; fileEncoding = 4; lastKnownFileType = sourcecode.c.objc; name = MapControl.m; path = Game/UI/MapControl.m; sourceTree = "<group>"; };
		C481146A15AD024B007FA214 /* TradePost.h */ = {isa = PBXFileReference; fileEncoding = 4; lastKnownFileType = sourcecode.c.h; name = TradePost.h; path = Game/Sim/TradePost.h; sourceTree = "<group>"; };
		C481146B15AD024C007FA214 /* TradePost.m */ = {isa = PBXFileReference; fileEncoding = 4; lastKnownFileType = sourcecode.c.objc; name = TradePost.m; path = Game/Sim/TradePost.m; sourceTree = "<group>"; };
		C481146D15AD0604007FA214 /* WorldState.h */ = {isa = PBXFileReference; fileEncoding = 4; lastKnownFileType = sourcecode.c.h; name = WorldState.h; path = Game/Sim/WorldState.h; sourceTree = "<group>"; };
		C481146E15AD0605007FA214 /* WorldState.m */ = {isa = PBXFileReference; fileEncoding = 4; lastKnownFileType = sourcecode.c.objc; name = WorldState.m; path = Game/Sim/WorldState.m; sourceTree = "<group>"; };
		C481147415B07D96007FA214 /* TradePostMgr.h */ = {isa = PBXFileReference; fileEncoding = 4; lastKnownFileType = sourcecode.c.h; name = TradePostMgr.h; path = Game/Sim/TradePostMgr.h; sourceTree = "<group>"; };
		C481147515B07D96007FA214 /* TradePostMgr.m */ = {isa = PBXFileReference; fileEncoding = 4; lastKnownFileType = sourcecode.c.objc; name = TradePostMgr.m; path = Game/Sim/TradePostMgr.m; sourceTree = "<group>"; };
		C4945B7D15AC26D900EEC0C0 /* LoadingScreen.h */ = {isa = PBXFileReference; fileEncoding = 4; lastKnownFileType = sourcecode.c.h; path = LoadingScreen.h; sourceTree = "<group>"; };
		C4945B7E15AC26D900EEC0C0 /* LoadingScreen.m */ = {isa = PBXFileReference; fileEncoding = 4; lastKnownFileType = sourcecode.c.objc; path = LoadingScreen.m; sourceTree = "<group>"; };
		C4945B7F15AC26D900EEC0C0 /* LoadingScreen.xib */ = {isa = PBXFileReference; fileEncoding = 4; lastKnownFileType = file.xib; path = LoadingScreen.xib; sourceTree = "<group>"; };
		C4945B8315AC2D2C00EEC0C0 /* SystemConfiguration.framework */ = {isa = PBXFileReference; lastKnownFileType = wrapper.framework; name = SystemConfiguration.framework; path = System/Library/Frameworks/SystemConfiguration.framework; sourceTree = SDKROOT; };
		C4945B8615AC91B500EEC0C0 /* CLLocation+Pog.h */ = {isa = PBXFileReference; fileEncoding = 4; lastKnownFileType = sourcecode.c.h; path = "CLLocation+Pog.h"; sourceTree = "<group>"; };
		C4945B8715AC91B500EEC0C0 /* CLLocation+Pog.m */ = {isa = PBXFileReference; fileEncoding = 4; lastKnownFileType = sourcecode.c.objc; path = "CLLocation+Pog.m"; sourceTree = "<group>"; };
		C4945B8915AC936600EEC0C0 /* HiAccuracyLocator.h */ = {isa = PBXFileReference; fileEncoding = 4; lastKnownFileType = sourcecode.c.h; path = HiAccuracyLocator.h; sourceTree = "<group>"; };
		C4945B8A15AC936600EEC0C0 /* HiAccuracyLocator.m */ = {isa = PBXFileReference; fileEncoding = 4; lastKnownFileType = sourcecode.c.objc; path = HiAccuracyLocator.m; sourceTree = "<group>"; };
		C4945B8C15AC974000EEC0C0 /* SetupNewPlayer.h */ = {isa = PBXFileReference; fileEncoding = 4; lastKnownFileType = sourcecode.c.h; name = SetupNewPlayer.h; path = Game/Sim/SetupNewPlayer.h; sourceTree = "<group>"; };
		C4945B8D15AC974000EEC0C0 /* SetupNewPlayer.m */ = {isa = PBXFileReference; fileEncoding = 4; lastKnownFileType = sourcecode.c.objc; name = SetupNewPlayer.m; path = Game/Sim/SetupNewPlayer.m; sourceTree = "<group>"; };
		C4E3819A15AA0C5B00924A86 /* StartScreen.h */ = {isa = PBXFileReference; fileEncoding = 4; lastKnownFileType = sourcecode.c.h; name = StartScreen.h; path = Game/UI/StartScreen.h; sourceTree = "<group>"; };
		C4E3819B15AA0C5B00924A86 /* StartScreen.m */ = {isa = PBXFileReference; fileEncoding = 4; lastKnownFileType = sourcecode.c.objc; name = StartScreen.m; path = Game/UI/StartScreen.m; sourceTree = "<group>"; };
		C4E3819C15AA0C5B00924A86 /* StartScreen.xib */ = {isa = PBXFileReference; fileEncoding = 4; lastKnownFileType = file.xib; name = StartScreen.xib; path = Game/UI/StartScreen.xib; sourceTree = "<group>"; };
		C4E381A915AA381F00924A86 /* ImageManager.h */ = {isa = PBXFileReference; fileEncoding = 4; lastKnownFileType = sourcecode.c.h; path = ImageManager.h; sourceTree = "<group>"; };
		C4E381AA15AA381F00924A86 /* ImageManager.m */ = {isa = PBXFileReference; fileEncoding = 4; lastKnownFileType = sourcecode.c.objc; path = ImageManager.m; sourceTree = "<group>"; };
		C4E381B115AA39DA00924A86 /* DebugMenu.h */ = {isa = PBXFileReference; fileEncoding = 4; lastKnownFileType = sourcecode.c.h; name = DebugMenu.h; path = Game/UI/DebugMenu.h; sourceTree = "<group>"; };
		C4E381B215AA39DA00924A86 /* DebugMenu.m */ = {isa = PBXFileReference; fileEncoding = 4; lastKnownFileType = sourcecode.c.objc; name = DebugMenu.m; path = Game/UI/DebugMenu.m; sourceTree = "<group>"; };
		C4E381B315AA39DA00924A86 /* DebugMenu.xib */ = {isa = PBXFileReference; fileEncoding = 4; lastKnownFileType = file.xib; name = DebugMenu.xib; path = Game/UI/DebugMenu.xib; sourceTree = "<group>"; };
		C4E381B715AA3B4C00924A86 /* UINavigationController+Pog.h */ = {isa = PBXFileReference; fileEncoding = 4; lastKnownFileType = sourcecode.c.h; path = "UINavigationController+Pog.h"; sourceTree = "<group>"; };
		C4E381B815AA3B4C00924A86 /* UINavigationController+Pog.m */ = {isa = PBXFileReference; fileEncoding = 4; lastKnownFileType = sourcecode.c.objc; path = "UINavigationController+Pog.m"; sourceTree = "<group>"; };
		C4E381BA15AA3B8600924A86 /* QuartzCore.framework */ = {isa = PBXFileReference; lastKnownFileType = wrapper.framework; name = QuartzCore.framework; path = System/Library/Frameworks/QuartzCore.framework; sourceTree = SDKROOT; };
		C4E381BD15AABB2400924A86 /* GameManager.h */ = {isa = PBXFileReference; fileEncoding = 4; lastKnownFileType = sourcecode.c.h; name = GameManager.h; path = Game/Sim/GameManager.h; sourceTree = "<group>"; };
		C4E381BE15AABB2400924A86 /* GameManager.m */ = {isa = PBXFileReference; fileEncoding = 4; lastKnownFileType = sourcecode.c.objc; name = GameManager.m; path = Game/Sim/GameManager.m; sourceTree = "<group>"; };
		C4E381C315AABC7400924A86 /* SignupScreen.h */ = {isa = PBXFileReference; fileEncoding = 4; lastKnownFileType = sourcecode.c.h; name = SignupScreen.h; path = Game/UI/SignupScreen.h; sourceTree = "<group>"; };
		C4E381C415AABC7400924A86 /* SignupScreen.m */ = {isa = PBXFileReference; fileEncoding = 4; lastKnownFileType = sourcecode.c.objc; name = SignupScreen.m; path = Game/UI/SignupScreen.m; sourceTree = "<group>"; };
		C4E381C515AABC7400924A86 /* SignupScreen.xib */ = {isa = PBXFileReference; fileEncoding = 4; lastKnownFileType = file.xib; name = SignupScreen.xib; path = Game/UI/SignupScreen.xib; sourceTree = "<group>"; };
		C4E381CC15AABECC00924A86 /* PogUIUtility.h */ = {isa = PBXFileReference; fileEncoding = 4; lastKnownFileType = sourcecode.c.h; path = PogUIUtility.h; sourceTree = "<group>"; };
		C4E381CD15AABECC00924A86 /* PogUIUtility.m */ = {isa = PBXFileReference; fileEncoding = 4; lastKnownFileType = sourcecode.c.objc; path = PogUIUtility.m; sourceTree = "<group>"; };
/* End PBXFileReference section */

/* Begin PBXFrameworksBuildPhase section */
		C41ED12515A6B33E00995F53 /* Frameworks */ = {
			isa = PBXFrameworksBuildPhase;
			buildActionMask = 2147483647;
			files = (
				C4945B8415AC2D2C00EEC0C0 /* SystemConfiguration.framework in Frameworks */,
				C41E0CAA15AC04E5006662DF /* CoreLocation.framework in Frameworks */,
				C41E0CA815AC04DE006662DF /* MapKit.framework in Frameworks */,
				C4E381BB15AA3B8600924A86 /* QuartzCore.framework in Frameworks */,
				C41ED12D15A6B33E00995F53 /* UIKit.framework in Frameworks */,
				C41ED12F15A6B33E00995F53 /* Foundation.framework in Frameworks */,
				C41ED13115A6B33E00995F53 /* CoreGraphics.framework in Frameworks */,
			);
			runOnlyForDeploymentPostprocessing = 0;
		};
/* End PBXFrameworksBuildPhase section */

/* Begin PBXGroup section */
		C41E0C8015AC032E006662DF /* External */ = {
			isa = PBXGroup;
			children = (
				C41E0CA215AC0441006662DF /* MKMapViewZoomLevel */,
				C41E0C8215AC0391006662DF /* AFNetworking */,
			);
			name = External;
			sourceTree = "<group>";
		};
		C41E0C8215AC0391006662DF /* AFNetworking */ = {
			isa = PBXGroup;
			children = (
				C41E0C8315AC0391006662DF /* AFHTTPClient.h */,
				C41E0C8415AC0391006662DF /* AFHTTPClient.m */,
				C41E0C8515AC0391006662DF /* AFHTTPRequestOperation.h */,
				C41E0C8615AC0391006662DF /* AFHTTPRequestOperation.m */,
				C41E0C8715AC0391006662DF /* AFImageRequestOperation.h */,
				C41E0C8815AC0391006662DF /* AFImageRequestOperation.m */,
				C41E0C8915AC0391006662DF /* AFJSONRequestOperation.h */,
				C41E0C8A15AC0391006662DF /* AFJSONRequestOperation.m */,
				C41E0C8B15AC0391006662DF /* AFJSONUtilities.h */,
				C41E0C8C15AC0391006662DF /* AFJSONUtilities.m */,
				C41E0C8D15AC0391006662DF /* AFNetworkActivityIndicatorManager.h */,
				C41E0C8E15AC0391006662DF /* AFNetworkActivityIndicatorManager.m */,
				C41E0C8F15AC0391006662DF /* AFNetworking.h */,
				C41E0C9015AC0391006662DF /* AFPropertyListRequestOperation.h */,
				C41E0C9115AC0391006662DF /* AFPropertyListRequestOperation.m */,
				C41E0C9215AC0391006662DF /* AFURLConnectionOperation.h */,
				C41E0C9315AC0391006662DF /* AFURLConnectionOperation.m */,
				C41E0C9415AC0391006662DF /* AFXMLRequestOperation.h */,
				C41E0C9515AC0391006662DF /* AFXMLRequestOperation.m */,
				C41E0C9615AC0391006662DF /* UIImageView+AFNetworking.h */,
				C41E0C9715AC0391006662DF /* UIImageView+AFNetworking.m */,
			);
			name = AFNetworking;
			path = External/AFNetworking;
			sourceTree = "<group>";
		};
		C41E0CA215AC0441006662DF /* MKMapViewZoomLevel */ = {
			isa = PBXGroup;
			children = (
				C41E0CA315AC0441006662DF /* MKMapView+ZoomLevel.h */,
				C41E0CA415AC0441006662DF /* MKMapView+ZoomLevel.m */,
			);
			name = MKMapViewZoomLevel;
			path = External/MKMapViewZoomLevel;
			sourceTree = "<group>";
		};
		C41E0CA615AC048A006662DF /* ServerAPI */ = {
			isa = PBXGroup;
			children = (
				C41E0CAE15AC0D5A006662DF /* AFClientManager.h */,
				C41E0CAF15AC0D5A006662DF /* AFClientManager.m */,
				C41E0CAB15AC0C5E006662DF /* PogProfileAPI.h */,
				C41E0CAC15AC0C5E006662DF /* PogProfileAPI.m */,
				C41E0CB715AC1846006662DF /* PogProfileDelegate.h */,
			);
			name = ServerAPI;
			sourceTree = "<group>";
		};
		C41ED11D15A6B33E00995F53 = {
			isa = PBXGroup;
			children = (
				C41ED14E15A6B42600995F53 /* Default@2x.png */,
				C41ED14C15A6B42200995F53 /* Default.png */,
				C41ED14A15A6B41700995F53 /* AppIcon@2x.png */,
				C41ED14815A6B41300995F53 /* AppIcon.png */,
				C41ED13215A6B33E00995F53 /* traderpog */,
				C41ED12B15A6B33E00995F53 /* Frameworks */,
				C41ED12915A6B33E00995F53 /* Products */,
			);
			sourceTree = "<group>";
		};
		C41ED12915A6B33E00995F53 /* Products */ = {
			isa = PBXGroup;
			children = (
				C41ED12815A6B33E00995F53 /* traderpog.app */,
			);
			name = Products;
			sourceTree = "<group>";
		};
		C41ED12B15A6B33E00995F53 /* Frameworks */ = {
			isa = PBXGroup;
			children = (
				C4945B8315AC2D2C00EEC0C0 /* SystemConfiguration.framework */,
				C41E0CA915AC04E5006662DF /* CoreLocation.framework */,
				C41E0CA715AC04DE006662DF /* MapKit.framework */,
				C4E381BA15AA3B8600924A86 /* QuartzCore.framework */,
				C41ED12C15A6B33E00995F53 /* UIKit.framework */,
				C41ED12E15A6B33E00995F53 /* Foundation.framework */,
				C41ED13015A6B33E00995F53 /* CoreGraphics.framework */,
			);
			name = Frameworks;
			sourceTree = "<group>";
		};
		C41ED13215A6B33E00995F53 /* traderpog */ = {
			isa = PBXGroup;
			children = (
				C41ED13B15A6B33E00995F53 /* AppDelegate.h */,
				C41ED13C15A6B33E00995F53 /* AppDelegate.m */,
				C4E3819815AA0BCE00924A86 /* Game */,
				C4E381A715AA381E00924A86 /* Engine */,
				C41ED13315A6B33E00995F53 /* Supporting Files */,
			);
			path = traderpog;
			sourceTree = "<group>";
		};
		C41ED13315A6B33E00995F53 /* Supporting Files */ = {
			isa = PBXGroup;
			children = (
				C41ED13415A6B33E00995F53 /* traderpog-Info.plist */,
				C41ED13515A6B33E00995F53 /* InfoPlist.strings */,
				C41ED13815A6B33E00995F53 /* main.m */,
				C41ED13A15A6B33E00995F53 /* traderpog-Prefix.pch */,
			);
			name = "Supporting Files";
			sourceTree = "<group>";
		};
		C4945B8515AC91B500EEC0C0 /* Sim */ = {
			isa = PBXGroup;
			children = (
				C4945B8915AC936600EEC0C0 /* HiAccuracyLocator.h */,
				C4945B8A15AC936600EEC0C0 /* HiAccuracyLocator.m */,
				C4945B8615AC91B500EEC0C0 /* CLLocation+Pog.h */,
				C4945B8715AC91B500EEC0C0 /* CLLocation+Pog.m */,
			);
			path = Sim;
			sourceTree = "<group>";
		};
		C4E3819815AA0BCE00924A86 /* Game */ = {
			isa = PBXGroup;
			children = (
				C41E0CA615AC048A006662DF /* ServerAPI */,
				C4E381BC15AABB0500924A86 /* Sim */,
				C4E3819915AA0BF400924A86 /* UI */,
			);
			name = Game;
			sourceTree = "<group>";
		};
		C4E3819915AA0BF400924A86 /* UI */ = {
			isa = PBXGroup;
			children = (
				C4E3819A15AA0C5B00924A86 /* StartScreen.h */,
				C4E3819B15AA0C5B00924A86 /* StartScreen.m */,
				C4E3819C15AA0C5B00924A86 /* StartScreen.xib */,
				C4E381B115AA39DA00924A86 /* DebugMenu.h */,
				C4E381B215AA39DA00924A86 /* DebugMenu.m */,
				C4E381B315AA39DA00924A86 /* DebugMenu.xib */,
				C4E381C315AABC7400924A86 /* SignupScreen.h */,
				C4E381C415AABC7400924A86 /* SignupScreen.m */,
				C4E381C515AABC7400924A86 /* SignupScreen.xib */,
				C481145C15ACB927007FA214 /* GameViewController.h */,
				C481145D15ACB927007FA214 /* GameViewController.m */,
				C481145E15ACB927007FA214 /* GameViewController.xib */,
				C481146715ACBFED007FA214 /* MapControl.h */,
				C481146815ACBFED007FA214 /* MapControl.m */,
				C42FC48815B10116006D29A3 /* NewHomeSelectItem.h */,
				C42FC48915B10116006D29A3 /* NewHomeSelectItem.m */,
				C42FC48A15B10116006D29A3 /* NewHomeSelectItem.xib */,
			);
			name = UI;
			sourceTree = "<group>";
		};
		C4E381A715AA381E00924A86 /* Engine */ = {
			isa = PBXGroup;
			children = (
				C41E0C8015AC032E006662DF /* External */,
				C4E381A815AA381F00924A86 /* Renderer */,
				C4E381B615AA3B4C00924A86 /* UI */,
				C4945B8515AC91B500EEC0C0 /* Sim */,
			);
			path = Engine;
			sourceTree = "<group>";
		};
		C4E381A815AA381F00924A86 /* Renderer */ = {
			isa = PBXGroup;
			children = (
				C4E381A915AA381F00924A86 /* ImageManager.h */,
				C4E381AA15AA381F00924A86 /* ImageManager.m */,
			);
			path = Renderer;
			sourceTree = "<group>";
		};
		C4E381B615AA3B4C00924A86 /* UI */ = {
			isa = PBXGroup;
			children = (
				C4E381CC15AABECC00924A86 /* PogUIUtility.h */,
				C4E381CD15AABECC00924A86 /* PogUIUtility.m */,
				C4E381B715AA3B4C00924A86 /* UINavigationController+Pog.h */,
				C4E381B815AA3B4C00924A86 /* UINavigationController+Pog.m */,
				C4945B7D15AC26D900EEC0C0 /* LoadingScreen.h */,
				C4945B7E15AC26D900EEC0C0 /* LoadingScreen.m */,
				C4945B7F15AC26D900EEC0C0 /* LoadingScreen.xib */,
				C42FC48D15B13293006D29A3 /* ModalNavControl.h */,
				C42FC48E15B13293006D29A3 /* ModalNavControl.m */,
				C42FC48F15B13293006D29A3 /* ModalNavControl.xib */,
				C42FC49215B13318006D29A3 /* ModalNavDelegate.h */,
				C42FC49315B141A3006D29A3 /* ModalNavRoot.h */,
				C42FC49415B141A3006D29A3 /* ModalNavRoot.m */,
				C42FC49515B141A3006D29A3 /* ModalNavRoot.xib */,
			);
			path = UI;
			sourceTree = "<group>";
		};
		C4E381BC15AABB0500924A86 /* Sim */ = {
			isa = PBXGroup;
			children = (
				C41E0CB415AC1552006662DF /* DebugOptions.h */,
				C41E0CB515AC1552006662DF /* DebugOptions.m */,
				C4E381BD15AABB2400924A86 /* GameManager.h */,
				C4E381BE15AABB2400924A86 /* GameManager.m */,
				C41E0CB115AC0FB6006662DF /* Player.h */,
				C41E0CB215AC0FB6006662DF /* Player.m */,
				C4945B8C15AC974000EEC0C0 /* SetupNewPlayer.h */,
				C4945B8D15AC974000EEC0C0 /* SetupNewPlayer.m */,
				C481146A15AD024B007FA214 /* TradePost.h */,
				C481146B15AD024C007FA214 /* TradePost.m */,
				C481146D15AD0604007FA214 /* WorldState.h */,
				C481146E15AD0605007FA214 /* WorldState.m */,
				C481147415B07D96007FA214 /* TradePostMgr.h */,
				C481147515B07D96007FA214 /* TradePostMgr.m */,
			);
			name = Sim;
			sourceTree = "<group>";
		};
/* End PBXGroup section */

/* Begin PBXNativeTarget section */
		C41ED12715A6B33E00995F53 /* traderpog */ = {
			isa = PBXNativeTarget;
			buildConfigurationList = C41ED14015A6B33E00995F53 /* Build configuration list for PBXNativeTarget "traderpog" */;
			buildPhases = (
				C41ED12415A6B33E00995F53 /* Sources */,
				C41ED12515A6B33E00995F53 /* Frameworks */,
				C41ED12615A6B33E00995F53 /* Resources */,
			);
			buildRules = (
			);
			dependencies = (
			);
			name = traderpog;
			productName = traderpog;
			productReference = C41ED12815A6B33E00995F53 /* traderpog.app */;
			productType = "com.apple.product-type.application";
		};
/* End PBXNativeTarget section */

/* Begin PBXProject section */
		C41ED11F15A6B33E00995F53 /* Project object */ = {
			isa = PBXProject;
			attributes = {
				LastUpgradeCheck = 0430;
				ORGANIZATIONNAME = GeoloPigs;
			};
			buildConfigurationList = C41ED12215A6B33E00995F53 /* Build configuration list for PBXProject "traderpog" */;
			compatibilityVersion = "Xcode 3.2";
			developmentRegion = English;
			hasScannedForEncodings = 0;
			knownRegions = (
				en,
			);
			mainGroup = C41ED11D15A6B33E00995F53;
			productRefGroup = C41ED12915A6B33E00995F53 /* Products */;
			projectDirPath = "";
			projectRoot = "";
			targets = (
				C41ED12715A6B33E00995F53 /* traderpog */,
			);
		};
/* End PBXProject section */

/* Begin PBXResourcesBuildPhase section */
		C41ED12615A6B33E00995F53 /* Resources */ = {
			isa = PBXResourcesBuildPhase;
			buildActionMask = 2147483647;
			files = (
				C41ED13715A6B33E00995F53 /* InfoPlist.strings in Resources */,
				C41ED14915A6B41300995F53 /* AppIcon.png in Resources */,
				C41ED14B15A6B41700995F53 /* AppIcon@2x.png in Resources */,
				C41ED14D15A6B42200995F53 /* Default.png in Resources */,
				C41ED14F15A6B42600995F53 /* Default@2x.png in Resources */,
				C4E3819E15AA0C5B00924A86 /* StartScreen.xib in Resources */,
				C4E381B515AA39DA00924A86 /* DebugMenu.xib in Resources */,
				C4E381C715AABC7400924A86 /* SignupScreen.xib in Resources */,
				C4945B8115AC26D900EEC0C0 /* LoadingScreen.xib in Resources */,
				C481146015ACB927007FA214 /* GameViewController.xib in Resources */,
				C42FC48C15B10116006D29A3 /* NewHomeSelectItem.xib in Resources */,
				C42FC49115B13293006D29A3 /* ModalNavControl.xib in Resources */,
				C42FC49715B141A3006D29A3 /* ModalNavRoot.xib in Resources */,
			);
			runOnlyForDeploymentPostprocessing = 0;
		};
/* End PBXResourcesBuildPhase section */

/* Begin PBXSourcesBuildPhase section */
		C41ED12415A6B33E00995F53 /* Sources */ = {
			isa = PBXSourcesBuildPhase;
			buildActionMask = 2147483647;
			files = (
				C41ED13915A6B33E00995F53 /* main.m in Sources */,
				C41ED13D15A6B33E00995F53 /* AppDelegate.m in Sources */,
				C4E3819D15AA0C5B00924A86 /* StartScreen.m in Sources */,
				C4E381AB15AA381F00924A86 /* ImageManager.m in Sources */,
				C4E381B415AA39DA00924A86 /* DebugMenu.m in Sources */,
				C4E381B915AA3B4C00924A86 /* UINavigationController+Pog.m in Sources */,
				C4E381BF15AABB2400924A86 /* GameManager.m in Sources */,
				C4E381C615AABC7400924A86 /* SignupScreen.m in Sources */,
				C4E381CE15AABECC00924A86 /* PogUIUtility.m in Sources */,
				C41E0C9815AC0391006662DF /* AFHTTPClient.m in Sources */,
				C41E0C9915AC0391006662DF /* AFHTTPRequestOperation.m in Sources */,
				C41E0C9A15AC0391006662DF /* AFImageRequestOperation.m in Sources */,
				C41E0C9B15AC0391006662DF /* AFJSONRequestOperation.m in Sources */,
				C41E0C9C15AC0391006662DF /* AFJSONUtilities.m in Sources */,
				C41E0C9D15AC0391006662DF /* AFNetworkActivityIndicatorManager.m in Sources */,
				C41E0C9E15AC0391006662DF /* AFPropertyListRequestOperation.m in Sources */,
				C41E0C9F15AC0391006662DF /* AFURLConnectionOperation.m in Sources */,
				C41E0CA015AC0391006662DF /* AFXMLRequestOperation.m in Sources */,
				C41E0CA115AC0391006662DF /* UIImageView+AFNetworking.m in Sources */,
				C41E0CA515AC0441006662DF /* MKMapView+ZoomLevel.m in Sources */,
				C41E0CAD15AC0C5E006662DF /* PogProfileAPI.m in Sources */,
				C41E0CB015AC0D5A006662DF /* AFClientManager.m in Sources */,
				C41E0CB315AC0FB6006662DF /* Player.m in Sources */,
				C41E0CB615AC1552006662DF /* DebugOptions.m in Sources */,
				C4945B8015AC26D900EEC0C0 /* LoadingScreen.m in Sources */,
				C4945B8815AC91B500EEC0C0 /* CLLocation+Pog.m in Sources */,
				C4945B8B15AC936600EEC0C0 /* HiAccuracyLocator.m in Sources */,
				C4945B8E15AC974000EEC0C0 /* SetupNewPlayer.m in Sources */,
				C481145F15ACB927007FA214 /* GameViewController.m in Sources */,
				C481146915ACBFED007FA214 /* MapControl.m in Sources */,
				C481146C15AD024C007FA214 /* TradePost.m in Sources */,
				C481146F15AD0605007FA214 /* WorldState.m in Sources */,
				C481147615B07D96007FA214 /* TradePostMgr.m in Sources */,
				C42FC48B15B10116006D29A3 /* NewHomeSelectItem.m in Sources */,
				C42FC49015B13293006D29A3 /* ModalNavControl.m in Sources */,
				C42FC49615B141A3006D29A3 /* ModalNavRoot.m in Sources */,
			);
			runOnlyForDeploymentPostprocessing = 0;
		};
/* End PBXSourcesBuildPhase section */

/* Begin PBXVariantGroup section */
		C41ED13515A6B33E00995F53 /* InfoPlist.strings */ = {
			isa = PBXVariantGroup;
			children = (
				C41ED13615A6B33E00995F53 /* en */,
			);
			name = InfoPlist.strings;
			sourceTree = "<group>";
		};
/* End PBXVariantGroup section */

/* Begin XCBuildConfiguration section */
		C41ED13E15A6B33E00995F53 /* Debug */ = {
			isa = XCBuildConfiguration;
			buildSettings = {
				ALWAYS_SEARCH_USER_PATHS = NO;
				ARCHS = "$(ARCHS_STANDARD_32_BIT)";
				CLANG_ENABLE_OBJC_ARC = YES;
				"CODE_SIGN_IDENTITY[sdk=iphoneos*]" = "iPhone Developer";
				COPY_PHASE_STRIP = NO;
				GCC_C_LANGUAGE_STANDARD = gnu99;
				GCC_DYNAMIC_NO_PIC = NO;
				GCC_OPTIMIZATION_LEVEL = 0;
				GCC_PREPROCESSOR_DEFINITIONS = (
					"DEBUG=1",
					"$(inherited)",
				);
				GCC_SYMBOLS_PRIVATE_EXTERN = NO;
				GCC_VERSION = com.apple.compilers.llvm.clang.1_0;
				GCC_WARN_ABOUT_RETURN_TYPE = YES;
				GCC_WARN_UNINITIALIZED_AUTOS = YES;
				GCC_WARN_UNUSED_VARIABLE = YES;
				IPHONEOS_DEPLOYMENT_TARGET = 5.1;
				SDKROOT = iphoneos;
			};
			name = Debug;
		};
		C41ED13F15A6B33E00995F53 /* Release */ = {
			isa = XCBuildConfiguration;
			buildSettings = {
				ALWAYS_SEARCH_USER_PATHS = NO;
				ARCHS = "$(ARCHS_STANDARD_32_BIT)";
				CLANG_ENABLE_OBJC_ARC = YES;
				"CODE_SIGN_IDENTITY[sdk=iphoneos*]" = "iPhone Developer";
				COPY_PHASE_STRIP = YES;
				GCC_C_LANGUAGE_STANDARD = gnu99;
				GCC_VERSION = com.apple.compilers.llvm.clang.1_0;
				GCC_WARN_ABOUT_RETURN_TYPE = YES;
				GCC_WARN_UNINITIALIZED_AUTOS = YES;
				GCC_WARN_UNUSED_VARIABLE = YES;
				IPHONEOS_DEPLOYMENT_TARGET = 5.1;
				OTHER_CFLAGS = "-DNS_BLOCK_ASSERTIONS=1";
				SDKROOT = iphoneos;
				VALIDATE_PRODUCT = YES;
			};
			name = Release;
		};
		C41ED14115A6B33E00995F53 /* Debug */ = {
			isa = XCBuildConfiguration;
			buildSettings = {
				GCC_PRECOMPILE_PREFIX_HEADER = YES;
				GCC_PREFIX_HEADER = "traderpog/traderpog-Prefix.pch";
				INFOPLIST_FILE = "traderpog/traderpog-Info.plist";
				IPHONEOS_DEPLOYMENT_TARGET = 5.0;
				PRODUCT_NAME = "$(TARGET_NAME)";
				WRAPPER_EXTENSION = app;
			};
			name = Debug;
		};
		C41ED14215A6B33E00995F53 /* Release */ = {
			isa = XCBuildConfiguration;
			buildSettings = {
				GCC_PRECOMPILE_PREFIX_HEADER = YES;
				GCC_PREFIX_HEADER = "traderpog/traderpog-Prefix.pch";
				INFOPLIST_FILE = "traderpog/traderpog-Info.plist";
				IPHONEOS_DEPLOYMENT_TARGET = 5.0;
				PRODUCT_NAME = "$(TARGET_NAME)";
				WRAPPER_EXTENSION = app;
			};
			name = Release;
		};
/* End XCBuildConfiguration section */

/* Begin XCConfigurationList section */
		C41ED12215A6B33E00995F53 /* Build configuration list for PBXProject "traderpog" */ = {
			isa = XCConfigurationList;
			buildConfigurations = (
				C41ED13E15A6B33E00995F53 /* Debug */,
				C41ED13F15A6B33E00995F53 /* Release */,
			);
			defaultConfigurationIsVisible = 0;
			defaultConfigurationName = Release;
		};
		C41ED14015A6B33E00995F53 /* Build configuration list for PBXNativeTarget "traderpog" */ = {
			isa = XCConfigurationList;
			buildConfigurations = (
				C41ED14115A6B33E00995F53 /* Debug */,
				C41ED14215A6B33E00995F53 /* Release */,
			);
			defaultConfigurationIsVisible = 0;
			defaultConfigurationName = Release;
		};
/* End XCConfigurationList section */
	};
	rootObject = C41ED11F15A6B33E00995F53 /* Project object */;
}
